{
    "name": "ngx-pwa",
    "version": "1.0.0",
    "lockfileVersion": 2,
    "requires": true,
    "packages": {
        "": {
            "name": "ngx-pwa",
            "version": "1.0.0",
            "license": "MIT",
            "dependencies": {
                "tslib": "^2.3.0"
            },
            "peerDependencies": {
                "@angular/common": "14",
                "@angular/core": "14",
                "@angular/material": "14",
                "@angular/service-worker": "14",
                "dompurify": "2",
                "lodash": "4",
                "uuid": "9"
            }
        },
        "node_modules/@angular/animations": {
            "version": "14.2.3",
            "resolved": "https://registry.npmjs.org/@angular/animations/-/animations-14.2.3.tgz",
            "integrity": "sha512-5psQgSia7pUUKYpFuwA+c+yWyM8afl9ZlOW2pxBU/2mTMLpxJEnVrUnKRsx3WSrOc9YqoLn6DOtDLXq2dbTxFQ==",
            "peer": true,
            "dependencies": {
                "tslib": "^2.3.0"
            },
            "engines": {
                "node": "^14.15.0 || >=16.10.0"
            },
            "peerDependencies": {
                "@angular/core": "14.2.3"
            }
        },
        "node_modules/@angular/cdk": {
            "version": "14.2.2",
            "resolved": "https://registry.npmjs.org/@angular/cdk/-/cdk-14.2.2.tgz",
            "integrity": "sha512-PXEnhX+QDOsmHVVnqTuoGaK7Wn9hFd5kWAmHTTU7lZr3XVu/AtDcEU+LB19wOFU0fY+kSYHMgN+BYo1TiR8vbw==",
            "peer": true,
            "dependencies": {
                "tslib": "^2.3.0"
            },
            "optionalDependencies": {
                "parse5": "^5.0.0"
            },
            "peerDependencies": {
                "@angular/common": "^14.0.0 || ^15.0.0",
                "@angular/core": "^14.0.0 || ^15.0.0",
                "rxjs": "^6.5.3 || ^7.4.0"
            }
        },
        "node_modules/@angular/common": {
            "version": "14.2.3",
            "resolved": "https://registry.npmjs.org/@angular/common/-/common-14.2.3.tgz",
            "integrity": "sha512-DoBQk9uBWfGc+mZ9+lwpmZQy05zKgOeIfDM+2f7Wjrv1/X/V+YUJhjS66GIEBGOe23DoSeivLLCpVj8QqR058A==",
            "peer": true,
            "dependencies": {
                "tslib": "^2.3.0"
            },
            "engines": {
                "node": "^14.15.0 || >=16.10.0"
            },
            "peerDependencies": {
                "@angular/core": "14.2.3",
                "rxjs": "^6.5.3 || ^7.4.0"
            }
        },
        "node_modules/@angular/core": {
            "version": "14.2.3",
            "resolved": "https://registry.npmjs.org/@angular/core/-/core-14.2.3.tgz",
            "integrity": "sha512-neW2n5Ts2purYEVh0Lf207otZbhYH4C4lwwu8ffxdRiXahQiTCbmyM3IQFrQZbLDb/ZeD2KhoCl6p0hlyg14cA==",
            "peer": true,
            "dependencies": {
                "tslib": "^2.3.0"
            },
            "engines": {
                "node": "^14.15.0 || >=16.10.0"
            },
            "peerDependencies": {
                "rxjs": "^6.5.3 || ^7.4.0",
                "zone.js": "~0.11.4"
            }
        },
        "node_modules/@angular/forms": {
            "version": "14.2.3",
            "resolved": "https://registry.npmjs.org/@angular/forms/-/forms-14.2.3.tgz",
            "integrity": "sha512-rL6adBHp51i3eDBecexrlrS+t+hlK6EnrEot/+Ec+DzVjJgw5VNJ4p2Ig72HPe0m+H0dcPkbQhlpb6cs677ISA==",
            "peer": true,
            "dependencies": {
                "tslib": "^2.3.0"
            },
            "engines": {
                "node": "^14.15.0 || >=16.10.0"
            },
            "peerDependencies": {
                "@angular/common": "14.2.3",
                "@angular/core": "14.2.3",
                "@angular/platform-browser": "14.2.3",
                "rxjs": "^6.5.3 || ^7.4.0"
            }
        },
        "node_modules/@angular/material": {
            "version": "14.2.2",
            "resolved": "https://registry.npmjs.org/@angular/material/-/material-14.2.2.tgz",
            "integrity": "sha512-jVCaESSTTkLjRvMzSQj294s0Lz1YMVFkl0svrMtWgkUMXHEfx2Vjw6FXdrVrBXlxEIrpfhkTEXVN2DC1kkAkQw==",
            "peer": true,
            "dependencies": {
                "tslib": "^2.3.0"
            },
            "peerDependencies": {
                "@angular/animations": "^14.0.0 || ^15.0.0",
                "@angular/cdk": "14.2.2",
                "@angular/common": "^14.0.0 || ^15.0.0",
                "@angular/core": "^14.0.0 || ^15.0.0",
                "@angular/forms": "^14.0.0 || ^15.0.0",
                "@angular/platform-browser": "^14.0.0 || ^15.0.0",
                "rxjs": "^6.5.3 || ^7.4.0"
            }
        },
        "node_modules/@angular/platform-browser": {
            "version": "14.2.3",
            "resolved": "https://registry.npmjs.org/@angular/platform-browser/-/platform-browser-14.2.3.tgz",
            "integrity": "sha512-Ky5ITBVmr+T5zHRowLRTJx1exXo99bUA6vosxG4B/YlXkjNfqVz4BETgPwnoIdN00Y9lxGQrMbjqSuzOjGQ7IQ==",
            "peer": true,
            "dependencies": {
                "tslib": "^2.3.0"
            },
            "engines": {
                "node": "^14.15.0 || >=16.10.0"
            },
            "peerDependencies": {
                "@angular/animations": "14.2.3",
                "@angular/common": "14.2.3",
                "@angular/core": "14.2.3"
            },
            "peerDependenciesMeta": {
                "@angular/animations": {
                    "optional": true
                }
            }
        },
        "node_modules/@angular/service-worker": {
            "version": "14.2.3",
            "resolved": "https://registry.npmjs.org/@angular/service-worker/-/service-worker-14.2.3.tgz",
            "integrity": "sha512-7Cj0cGVY8ru3xnM9B57KDKLoUi3fZU0aLhKuhVZ76tbzx8uCuJvYxr6KNX5t22nMAbhc9UBC5j9+N4hesZLpAw==",
            "peer": true,
            "dependencies": {
                "tslib": "^2.3.0"
            },
            "bin": {
                "ngsw-config": "ngsw-config.js"
            },
            "engines": {
                "node": "^14.15.0 || >=16.10.0"
            },
            "peerDependencies": {
                "@angular/common": "14.2.3",
                "@angular/core": "14.2.3"
            }
        },
        "node_modules/dompurify": {
            "version": "2.4.0",
            "resolved": "https://registry.npmjs.org/dompurify/-/dompurify-2.4.0.tgz",
            "integrity": "sha512-Be9tbQMZds4a3C6xTmz68NlMfeONA//4dOavl/1rNw50E+/QO0KVpbcU0PcaW0nsQxurXls9ZocqFxk8R2mWEA==",
            "peer": true
        },
        "node_modules/lodash": {
            "version": "4.17.21",
            "resolved": "https://registry.npmjs.org/lodash/-/lodash-4.17.21.tgz",
            "integrity": "sha512-v2kDEe57lecTulaDIuNTPy3Ry4gLGJ6Z1O3vE1krgXZNrsQ+LFTGHVxVjcXPs17LhbZVGedAJv8XZ1tvj5FvSg==",
            "peer": true
        },
        "node_modules/parse5": {
            "version": "5.1.1",
            "resolved": "https://registry.npmjs.org/parse5/-/parse5-5.1.1.tgz",
            "integrity": "sha512-ugq4DFI0Ptb+WWjAdOK16+u/nHfiIrcE+sh8kZMaM0WllQKLI9rOUq6c2b7cwPkXdzfQESqvoqK6ug7U/Yyzug==",
            "optional": true,
            "peer": true
        },
        "node_modules/rxjs": {
            "version": "7.5.7",
            "resolved": "https://registry.npmjs.org/rxjs/-/rxjs-7.5.7.tgz",
            "integrity": "sha512-z9MzKh/UcOqB3i20H6rtrlaE/CgjLOvheWK/9ILrbhROGTweAi1BaFsTT9FbwZi5Trr1qNRs+MXkhmR06awzQA==",
            "peer": true,
            "dependencies": {
                "tslib": "^2.1.0"
            }
        },
        "node_modules/tslib": {
            "version": "2.4.0",
            "resolved": "https://registry.npmjs.org/tslib/-/tslib-2.4.0.tgz",
            "integrity": "sha512-d6xOpEDfsi2CZVlPQzGeux8XMwLT9hssAsaPYExaQMuYskwb+x1x7J371tWlbBdWHroy99KnVB6qIkUbs5X3UQ=="
        },
        "node_modules/uuid": {
            "version": "9.0.0",
            "resolved": "https://registry.npmjs.org/uuid/-/uuid-9.0.0.tgz",
            "integrity": "sha512-MXcSTerfPa4uqyzStbRoTgt5XIe3x5+42+q1sDuy3R5MDk66URdLMOZe5aPX/SQd+kuYAh0FdP/pO28IkQyTeg==",
            "peer": true,
            "bin": {
                "uuid": "dist/bin/uuid"
            }
        },
        "node_modules/zone.js": {
            "version": "0.11.8",
            "resolved": "https://registry.npmjs.org/zone.js/-/zone.js-0.11.8.tgz",
            "integrity": "sha512-82bctBg2hKcEJ21humWIkXRlLBBmrc3nN7DFh5LGGhcyycO2S7FN8NmdvlcKaGFDNVL4/9kFLmwmInTavdJERA==",
            "peer": true,
            "dependencies": {
                "tslib": "^2.3.0"
            }
        }
    },
    "dependencies": {
        "@angular/animations": {
            "version": "14.2.3",
            "resolved": "https://registry.npmjs.org/@angular/animations/-/animations-14.2.3.tgz",
            "integrity": "sha512-5psQgSia7pUUKYpFuwA+c+yWyM8afl9ZlOW2pxBU/2mTMLpxJEnVrUnKRsx3WSrOc9YqoLn6DOtDLXq2dbTxFQ==",
            "peer": true,
            "requires": {
                "tslib": "^2.3.0"
            }
        },
        "@angular/cdk": {
            "version": "14.2.2",
            "resolved": "https://registry.npmjs.org/@angular/cdk/-/cdk-14.2.2.tgz",
            "integrity": "sha512-PXEnhX+QDOsmHVVnqTuoGaK7Wn9hFd5kWAmHTTU7lZr3XVu/AtDcEU+LB19wOFU0fY+kSYHMgN+BYo1TiR8vbw==",
            "peer": true,
            "requires": {
                "parse5": "^5.0.0",
                "tslib": "^2.3.0"
            }
        },
        "@angular/common": {
            "version": "14.2.3",
            "resolved": "https://registry.npmjs.org/@angular/common/-/common-14.2.3.tgz",
            "integrity": "sha512-DoBQk9uBWfGc+mZ9+lwpmZQy05zKgOeIfDM+2f7Wjrv1/X/V+YUJhjS66GIEBGOe23DoSeivLLCpVj8QqR058A==",
            "peer": true,
            "requires": {
                "tslib": "^2.3.0"
            }
        },
        "@angular/core": {
            "version": "14.2.3",
            "resolved": "https://registry.npmjs.org/@angular/core/-/core-14.2.3.tgz",
            "integrity": "sha512-neW2n5Ts2purYEVh0Lf207otZbhYH4C4lwwu8ffxdRiXahQiTCbmyM3IQFrQZbLDb/ZeD2KhoCl6p0hlyg14cA==",
            "peer": true,
            "requires": {
                "tslib": "^2.3.0"
            }
        },
        "@angular/forms": {
            "version": "14.2.3",
            "resolved": "https://registry.npmjs.org/@angular/forms/-/forms-14.2.3.tgz",
            "integrity": "sha512-rL6adBHp51i3eDBecexrlrS+t+hlK6EnrEot/+Ec+DzVjJgw5VNJ4p2Ig72HPe0m+H0dcPkbQhlpb6cs677ISA==",
            "peer": true,
            "requires": {
                "tslib": "^2.3.0"
            }
        },
        "@angular/material": {
            "version": "14.2.2",
            "resolved": "https://registry.npmjs.org/@angular/material/-/material-14.2.2.tgz",
            "integrity": "sha512-jVCaESSTTkLjRvMzSQj294s0Lz1YMVFkl0svrMtWgkUMXHEfx2Vjw6FXdrVrBXlxEIrpfhkTEXVN2DC1kkAkQw==",
            "peer": true,
            "requires": {
                "tslib": "^2.3.0"
            }
        },
        "@angular/platform-browser": {
            "version": "14.2.3",
            "resolved": "https://registry.npmjs.org/@angular/platform-browser/-/platform-browser-14.2.3.tgz",
            "integrity": "sha512-Ky5ITBVmr+T5zHRowLRTJx1exXo99bUA6vosxG4B/YlXkjNfqVz4BETgPwnoIdN00Y9lxGQrMbjqSuzOjGQ7IQ==",
            "peer": true,
            "requires": {
                "tslib": "^2.3.0"
            }
        },
        "@angular/service-worker": {
            "version": "14.2.3",
            "resolved": "https://registry.npmjs.org/@angular/service-worker/-/service-worker-14.2.3.tgz",
            "integrity": "sha512-7Cj0cGVY8ru3xnM9B57KDKLoUi3fZU0aLhKuhVZ76tbzx8uCuJvYxr6KNX5t22nMAbhc9UBC5j9+N4hesZLpAw==",
            "peer": true,
            "requires": {
                "tslib": "^2.3.0"
            }
        },
        "dompurify": {
            "version": "2.4.0",
            "resolved": "https://registry.npmjs.org/dompurify/-/dompurify-2.4.0.tgz",
            "integrity": "sha512-Be9tbQMZds4a3C6xTmz68NlMfeONA//4dOavl/1rNw50E+/QO0KVpbcU0PcaW0nsQxurXls9ZocqFxk8R2mWEA==",
            "peer": true
        },
        "lodash": {
            "version": "4.17.21",
            "resolved": "https://registry.npmjs.org/lodash/-/lodash-4.17.21.tgz",
            "integrity": "sha512-v2kDEe57lecTulaDIuNTPy3Ry4gLGJ6Z1O3vE1krgXZNrsQ+LFTGHVxVjcXPs17LhbZVGedAJv8XZ1tvj5FvSg==",
            "peer": true
        },
        "parse5": {
            "version": "5.1.1",
            "resolved": "https://registry.npmjs.org/parse5/-/parse5-5.1.1.tgz",
            "integrity": "sha512-ugq4DFI0Ptb+WWjAdOK16+u/nHfiIrcE+sh8kZMaM0WllQKLI9rOUq6c2b7cwPkXdzfQESqvoqK6ug7U/Yyzug==",
            "optional": true,
            "peer": true
        },
        "rxjs": {
            "version": "7.5.7",
            "resolved": "https://registry.npmjs.org/rxjs/-/rxjs-7.5.7.tgz",
            "integrity": "sha512-z9MzKh/UcOqB3i20H6rtrlaE/CgjLOvheWK/9ILrbhROGTweAi1BaFsTT9FbwZi5Trr1qNRs+MXkhmR06awzQA==",
            "peer": true,
            "requires": {
                "tslib": "^2.1.0"
            }
        },
        "tslib": {
            "version": "2.4.0",
            "resolved": "https://registry.npmjs.org/tslib/-/tslib-2.4.0.tgz",
            "integrity": "sha512-d6xOpEDfsi2CZVlPQzGeux8XMwLT9hssAsaPYExaQMuYskwb+x1x7J371tWlbBdWHroy99KnVB6qIkUbs5X3UQ=="
        },
        "uuid": {
            "version": "9.0.0",
            "resolved": "https://registry.npmjs.org/uuid/-/uuid-9.0.0.tgz",
            "integrity": "sha512-MXcSTerfPa4uqyzStbRoTgt5XIe3x5+42+q1sDuy3R5MDk66URdLMOZe5aPX/SQd+kuYAh0FdP/pO28IkQyTeg==",
            "peer": true
        },
        "zone.js": {
            "version": "0.11.8",
            "resolved": "https://registry.npmjs.org/zone.js/-/zone.js-0.11.8.tgz",
            "integrity": "sha512-82bctBg2hKcEJ21humWIkXRlLBBmrc3nN7DFh5LGGhcyycO2S7FN8NmdvlcKaGFDNVL4/9kFLmwmInTavdJERA==",
            "peer": true,
            "requires": {
                "tslib": "^2.3.0"
            }
        }
    }
}
